
Microsoft Visual Studio Solution File, Format Version 12.00
# Visual Studio Version 17
VisualStudioVersion = 17.8.34330.188
MinimumVisualStudioVersion = 10.0.40219.1
Project("{9A19103F-16F7-4668-BE54-9A1E7A4F7556}") = "GodotHelper.SourceGenerators.Sample", "GodotHelper.SourceGenerators.Sample.csproj", "{745A15FF-56B4-4861-85E2-B282714A1B73}"
EndProject
Project("{9A19103F-16F7-4668-BE54-9A1E7A4F7556}") = "GodotHelper.SourceGenerators", "..\GodotHelper.SourceGenerators\GodotHelper.SourceGenerators.csproj", "{9788135A-1AE1-4105-9D06-B55722FE1361}"
EndProject
Global
	GlobalSection(SolutionConfigurationPlatforms) = preSolution
		Debug|Any CPU = Debug|Any CPU
		ExportDebug|Any CPU = ExportDebug|Any CPU
		ExportRelease|Any CPU = ExportRelease|Any CPU
		Release|Any CPU = Release|Any CPU
	EndGlobalSection
	GlobalSection(ProjectConfigurationPlatforms) = postSolution
		{745A15FF-56B4-4861-85E2-B282714A1B73}.Debug|Any CPU.ActiveCfg = Debug|Any CPU
		{745A15FF-56B4-4861-85E2-B282714A1B73}.Debug|Any CPU.Build.0 = Debug|Any CPU
		{745A15FF-56B4-4861-85E2-B282714A1B73}.ExportDebug|Any CPU.ActiveCfg = ExportDebug|Any CPU
		{745A15FF-56B4-4861-85E2-B282714A1B73}.ExportDebug|Any CPU.Build.0 = ExportDebug|Any CPU
		{745A15FF-56B4-4861-85E2-B282714A1B73}.ExportRelease|Any CPU.ActiveCfg = ExportRelease|Any CPU
		{745A15FF-56B4-4861-85E2-B282714A1B73}.ExportRelease|Any CPU.Build.0 = ExportRelease|Any CPU
		{745A15FF-56B4-4861-85E2-B282714A1B73}.Release|Any CPU.ActiveCfg = ExportRelease|Any CPU
		{745A15FF-56B4-4861-85E2-B282714A1B73}.Release|Any CPU.Build.0 = ExportRelease|Any CPU
		{9788135A-1AE1-4105-9D06-B55722FE1361}.Debug|Any CPU.ActiveCfg = Debug|Any CPU
		{9788135A-1AE1-4105-9D06-B55722FE1361}.Debug|Any CPU.Build.0 = Debug|Any CPU
		{9788135A-1AE1-4105-9D06-B55722FE1361}.ExportDebug|Any CPU.ActiveCfg = Debug|Any CPU
		{9788135A-1AE1-4105-9D06-B55722FE1361}.ExportDebug|Any CPU.Build.0 = Debug|Any CPU
		{9788135A-1AE1-4105-9D06-B55722FE1361}.ExportRelease|Any CPU.ActiveCfg = Release|Any CPU
		{9788135A-1AE1-4105-9D06-B55722FE1361}.ExportRelease|Any CPU.Build.0 = Release|Any CPU
		{9788135A-1AE1-4105-9D06-B55722FE1361}.Release|Any CPU.ActiveCfg = Release|Any CPU
		{9788135A-1AE1-4105-9D06-B55722FE1361}.Release|Any CPU.Build.0 = Release|Any CPU
	EndGlobalSection
	GlobalSection(SolutionProperties) = preSolution
		HideSolutionNode = FALSE
	EndGlobalSection
EndGlobal
